
Microsoft Visual Studio Solution File, Format Version 10.00
# Visual C++ Express 2008
Project("{8BC9CEB8-8B4A-11D0-8D11-00A0C91BC942}") = "WDBTOCSV", "WDBTOCSV\WDBTOCSV.vcproj", "{FF00BE11-4064-4B8F-940B-3DFDB11750AC}"
EndProject
Global
	GlobalSection(SolutionConfigurationPlatforms) = preSolution
		Debug|Win32 = Debug|Win32
		Release|Win32 = Release|Win32
	EndGlobalSection
	GlobalSection(ProjectConfigurationPlatforms) = postSolution
		{FF00BE11-4064-4B8F-940B-3DFDB11750AC}.Debug|Win32.ActiveCfg = Debug|Win32
		{FF00BE11-4064-4B8F-940B-3DFDB11750AC}.Debug|Win32.Build.0 = Debug|Win32
		{FF00BE11-4064-4B8F-940B-3DFDB11750AC}.Release|Win32.ActiveCfg = Release|Win32
		{FF00BE11-4064-4B8F-940B-3DFDB11750AC}.Release|Win32.Build.0 = Release|Win32
	EndGlobalSection
	GlobalSection(SolutionProperties) = preSolution
		HideSolutionNode = FALSE
	EndGlobalSection
EndGlobal
