Microsoft Visual Studio Solution File, Format Version 8.00
Project("{8BC9CEB8-8B4A-11D0-8D11-00A0C91BC942}") = "InstanceScripts", "projects\InstanceScripts2003.vcproj", "{EE39B48B-C598-4AAF-9EF0-199402933EE5}"
	ProjectSection(ProjectDependencies) = postProject
	EndProjectSection
EndProject
Project("{8BC9CEB8-8B4A-11D0-8D11-00A0C91BC942}") = "SpellHandlers", "projects\SpellsHandlers2003.vcproj", "{EE39B48B-C598-4AAF-9EF0-199402933EE5}"
	ProjectSection(ProjectDependencies) = postProject
	EndProjectSection
EndProject
Project("{8BC9CEB8-8B4A-11D0-8D11-00A0C91BC942}") = "GossipScripts", "projects\GossipScripts2003.vcproj", "{EE39B48B-C598-4AAF-9EF0-199402933EE5}"
	ProjectSection(ProjectDependencies) = postProject
	EndProjectSection
EndProject
Project("{8BC9CEB8-8B4A-11D0-8D11-00A0C91BC942}") = "ServerStatusPlugin", "projects\ServerStatusPlugin2003.vcproj", "{EE39B48B-C598-4AAF-9EF0-199402933EE5}"
	ProjectSection(ProjectDependencies) = postProject
	EndProjectSection
EndProject
Project("{8BC9CEB8-8B4A-11D0-8D11-00A0C91BC942}") = "LUAScripting", "projects\LUAScripting.vcproj", "{EE39B48B-C598-4AAF-9EF0-199402933EE5}"
	ProjectSection(ProjectDependencies) = postProject
	EndProjectSection
EndProject
Project("{8BC9CEB8-8B4A-11D0-8D11-00A0C91BC942}") = "WotLKScripts", "projects\WotLKScripts\WotLKScripts.vcproj", "{4AC6FE51-D161-4305-9D49-8F982DA9559D}"
	ProjectSection(ProjectDependencies) = postProject
	EndProjectSection
EndProject
Global
	GlobalSection(SolutionConfiguration) = preSolution
		Debug = Debug
		Release = Release
	EndGlobalSection
	GlobalSection(ProjectConfiguration) = postSolution
		{EE39B48B-C598-4AAF-9EF0-199402933EE5}.Debug.ActiveCfg = Debug|Win32
		{EE39B48B-C598-4AAF-9EF0-199402933EE5}.Debug.Build.0 = Debug|Win32
		{EE39B48B-C598-4AAF-9EF0-199402933EE5}.Release.ActiveCfg = Release|Win32
		{EE39B48B-C598-4AAF-9EF0-199402933EE5}.Release.Build.0 = Release|Win32
		{EE39B48B-C598-4AAF-9EF0-199402933EE5}.Debug.ActiveCfg = Debug|Win32
		{EE39B48B-C598-4AAF-9EF0-199402933EE5}.Debug.Build.0 = Debug|Win32
		{EE39B48B-C598-4AAF-9EF0-199402933EE5}.Release.ActiveCfg = Release|Win32
		{EE39B48B-C598-4AAF-9EF0-199402933EE5}.Release.Build.0 = Release|Win32
		{EE39B48B-C598-4AAF-9EF0-199402933EE5}.Debug.ActiveCfg = Debug|Win32
		{EE39B48B-C598-4AAF-9EF0-199402933EE5}.Debug.Build.0 = Debug|Win32
		{EE39B48B-C598-4AAF-9EF0-199402933EE5}.Release.ActiveCfg = Release|Win32
		{EE39B48B-C598-4AAF-9EF0-199402933EE5}.Release.Build.0 = Release|Win32
		{EE39B48B-C598-4AAF-9EF0-199402933EE5}.Debug.ActiveCfg = Debug|Win32
		{EE39B48B-C598-4AAF-9EF0-199402933EE5}.Debug.Build.0 = Debug|Win32
		{EE39B48B-C598-4AAF-9EF0-199402933EE5}.Release.ActiveCfg = Release|Win32
		{EE39B48B-C598-4AAF-9EF0-199402933EE5}.Release.Build.0 = Release|Win32
		{EE39B48B-C598-4AAF-9EF0-199402933EE5}.Debug.ActiveCfg = Debug|Win32
		{EE39B48B-C598-4AAF-9EF0-199402933EE5}.Debug.Build.0 = Debug|Win32
		{EE39B48B-C598-4AAF-9EF0-199402933EE5}.Release.ActiveCfg = Release|Win32
		{EE39B48B-C598-4AAF-9EF0-199402933EE5}.Release.Build.0 = Release|Win32
		{4AC6FE51-D161-4305-9D49-8F982DA9559D}.Debug.ActiveCfg = Debug|Win32
		{4AC6FE51-D161-4305-9D49-8F982DA9559D}.Debug.Build.0 = Debug|Win32
		{4AC6FE51-D161-4305-9D49-8F982DA9559D}.Release.ActiveCfg = Release|Win32
		{4AC6FE51-D161-4305-9D49-8F982DA9559D}.Release.Build.0 = Release|Win32
	EndGlobalSection
	GlobalSection(ExtensibilityGlobals) = postSolution
	EndGlobalSection
	GlobalSection(ExtensibilityAddIns) = postSolution
	EndGlobalSection
EndGlobal
